// !$*UTF8*$!
{
	archiveVersion = 1;
	classes = {
	};
	objectVersion = 77;
	objects = {

/* Begin PBXBuildFile section */
		0CE3609610F41EE57C3EF450 /* test_rag.cpp in Sources */ = {isa = PBXBuildFile; fileRef = F2321D2FF06C53F142C9E4A0 /* test_rag.cpp */; settings = {COMPILER_FLAGS = "-Dmain=test_rag_main"; }; };
		1297BDC23284CC2F68DC3F0D /* test_telemetry.cpp in Sources */ = {isa = PBXBuildFile; fileRef = A43ACF25D2BEECF06382F746 /* test_telemetry.cpp */; settings = {COMPILER_FLAGS = "-Dmain=test_telemetry_main"; }; };
		12CC126B7285C7E7B260F354 /* test_curl.cpp in Sources */ = {isa = PBXBuildFile; fileRef = F993F80BF90226984FE5FA46 /* test_curl.cpp */; settings = {COMPILER_FLAGS = "-Dmain=test_curl_main"; }; };
		159396ABC5D7C56EBD60787C /* test_kv_cache.cpp in Sources */ = {isa = PBXBuildFile; fileRef = EEE3AAC3B98C5A4D7934390B /* test_kv_cache.cpp */; settings = {COMPILER_FLAGS = "-Dmain=test_kv_cache_main"; }; };
		1AA51A651CB30DFBB7A91B32 /* test_audio_cosine.cpp in Sources */ = {isa = PBXBuildFile; fileRef = 1F972A3BCEA50EA0944B93F1 /* test_audio_cosine.cpp */; settings = {COMPILER_FLAGS = "-Dmain=test_audio_cosine_main"; }; };
		1B84962019170487AAE57354 /* test_embed.cpp in Sources */ = {isa = PBXBuildFile; fileRef = 6792059E996574F9932267B6 /* test_embed.cpp */; settings = {COMPILER_FLAGS = "-Dmain=test_embed_main"; }; };
		406CB7FEF241AED3E35F3E5F /* test_gemma4_thinking.cpp in Sources */ = {isa = PBXBuildFile; fileRef = 36DEA043863AF7F99EE0DBD6 /* test_gemma4_thinking.cpp */; settings = {COMPILER_FLAGS = "-Dmain=test_gemma4_thinking_main"; }; };
		44DADDEB1F5068DF48AF51A9 /* test_gemma4_suite.cpp in Sources */ = {isa = PBXBuildFile; fileRef = A24768DA8A7AA0FB613B0E47 /* test_gemma4_suite.cpp */; settings = {COMPILER_FLAGS = "-Dmain=test_gemma4_suite_main"; }; };
		5CCAE950625131F3B367E23D /* test_graph.cpp in Sources */ = {isa = PBXBuildFile; fileRef = 2D0B741B8364E6DEB7880ECC /* test_graph.cpp */; settings = {COMPILER_FLAGS = "-Dmain=test_graph_main"; }; };
		64A62BB21BE64C469F1A1910 /* test_audio_chat_pcm.cpp in Sources */ = {isa = PBXBuildFile; fileRef = 756477DDFCDD7FDAFE86BBB8 /* test_audio_chat_pcm.cpp */; settings = {COMPILER_FLAGS = "-Dmain=test_audio_chat_pcm_main"; }; };
		703EA361EBF4536C94115D6D /* test_kernel.cpp in Sources */ = {isa = PBXBuildFile; fileRef = 7F29F0F824D84E357FD6780B /* test_kernel.cpp */; settings = {COMPILER_FLAGS = "-Dmain=test_kernel_main"; }; };
		70E04EF839DE4444310D4651 /* test_stt.cpp in Sources */ = {isa = PBXBuildFile; fileRef = 2AD904FE8AF16AC361E3FB86 /* test_stt.cpp */; settings = {COMPILER_FLAGS = "-Dmain=test_stt_main"; }; };
		72965BE8BCFDA801E76EEB31 /* test_llm.cpp in Sources */ = {isa = PBXBuildFile; fileRef = 23BA649FAF464F37FCCC6B94 /* test_llm.cpp */; settings = {COMPILER_FLAGS = "-Dmain=test_llm_main"; }; };
		B2B5CECE2E2477A23192ACCF /* test_vlm.cpp in Sources */ = {isa = PBXBuildFile; fileRef = 934A65226FA379ED9D8E8706 /* test_vlm.cpp */; settings = {COMPILER_FLAGS = "-Dmain=test_vlm_main"; }; };
		B74B4DBFE7341E92AC8F01E9 /* test_utils.cpp in Sources */ = {isa = PBXBuildFile; fileRef = 344D0D09F78DD280BE1E102E /* test_utils.cpp */; };
		BABC16B78AE1B36F177463BD /* test_index.cpp in Sources */ = {isa = PBXBuildFile; fileRef = BAF5F34E04D4261AAECEA8A1 /* test_index.cpp */; settings = {COMPILER_FLAGS = "-Dmain=test_index_main"; }; };
		CD0618CF2D40DEF51EFE9570 /* test_performance.cpp in Sources */ = {isa = PBXBuildFile; fileRef = 68746E7164704D873563D27B /* test_performance.cpp */; settings = {COMPILER_FLAGS = "-Dmain=test_performance_main"; }; };
		D8DB20D73F9153B5AFD710AD /* test_gemma4_audio.cpp in Sources */ = {isa = PBXBuildFile; fileRef = 35E791CDD8BA48ED65F41D72 /* test_gemma4_audio.cpp */; settings = {COMPILER_FLAGS = "-Dmain=test_gemma4_audio_main"; }; };
		DFEA8971CFB31E6A890B956F /* test_model_loading.cpp in Sources */ = {isa = PBXBuildFile; fileRef = 257E9B342ABCA116053E18C2 /* test_model_loading.cpp */; settings = {COMPILER_FLAGS = "-Dmain=test_model_loading_main"; }; };
		E0F525364DF8BB570ABCD421 /* test_gemma4_vision.cpp in Sources */ = {isa = PBXBuildFile; fileRef = 68B50E60C97A4675E06FA03D /* test_gemma4_vision.cpp */; settings = {COMPILER_FLAGS = "-Dmain=test_gemma4_vision_main"; }; };
		EE0A6D1035305A79B11CA900 /* test_gemma4_audio_layers.cpp in Sources */ = {isa = PBXBuildFile; fileRef = 841D05B43AF13CCB9FC6156A /* test_gemma4_audio_layers.cpp */; settings = {COMPILER_FLAGS = "-Dmain=test_gemma4_audio_layers_main"; }; };
		FD46DB3D01A60AF2DED26E5A /* test_exhaustive.cpp in Sources */ = {isa = PBXBuildFile; fileRef = CC335EA1CA171C8BBE20E50F /* test_exhaustive.cpp */; settings = {COMPILER_FLAGS = "-Dmain=test_exhaustive_main"; }; };
/* End PBXBuildFile section */

/* Begin PBXFileReference section */
		1695BEEDC52BAA73FD8D27F1 /* test_utils.h */ = {isa = PBXFileReference; includeInIndex = 1; lastKnownFileType = sourcecode.c.h; name = test_utils.h; path = /Users/parkiratsandhu/Documents/programming_projects/cactus/cactus/tests/test_utils.h; sourceTree = "<absolute>"; };
		1F972A3BCEA50EA0944B93F1 /* test_audio_cosine.cpp */ = {isa = PBXFileReference; includeInIndex = 1; lastKnownFileType = sourcecode.cpp.cpp; name = test_audio_cosine.cpp; path = /Users/parkiratsandhu/Documents/programming_projects/cactus/cactus/tests/test_audio_cosine.cpp; sourceTree = "<absolute>"; };
		23BA649FAF464F37FCCC6B94 /* test_llm.cpp */ = {isa = PBXFileReference; includeInIndex = 1; lastKnownFileType = sourcecode.cpp.cpp; name = test_llm.cpp; path = /Users/parkiratsandhu/Documents/programming_projects/cactus/cactus/tests/test_llm.cpp; sourceTree = "<absolute>"; };
		257E9B342ABCA116053E18C2 /* test_model_loading.cpp */ = {isa = PBXFileReference; includeInIndex = 1; lastKnownFileType = sourcecode.cpp.cpp; name = test_model_loading.cpp; path = /Users/parkiratsandhu/Documents/programming_projects/cactus/cactus/tests/test_model_loading.cpp; sourceTree = "<absolute>"; };
		2AA889CA2EE510D50037A29D /* CactusTest.app */ = {isa = PBXFileReference; explicitFileType = wrapper.application; includeInIndex = 0; path = CactusTest.app; sourceTree = BUILT_PRODUCTS_DIR; };
		2AD904FE8AF16AC361E3FB86 /* test_stt.cpp */ = {isa = PBXFileReference; includeInIndex = 1; lastKnownFileType = sourcecode.cpp.cpp; name = test_stt.cpp; path = /Users/parkiratsandhu/Documents/programming_projects/cactus/cactus/tests/test_stt.cpp; sourceTree = "<absolute>"; };
		2D0B741B8364E6DEB7880ECC /* test_graph.cpp */ = {isa = PBXFileReference; includeInIndex = 1; lastKnownFileType = sourcecode.cpp.cpp; name = test_graph.cpp; path = /Users/parkiratsandhu/Documents/programming_projects/cactus/cactus/tests/test_graph.cpp; sourceTree = "<absolute>"; };
		344D0D09F78DD280BE1E102E /* test_utils.cpp */ = {isa = PBXFileReference; includeInIndex = 1; lastKnownFileType = sourcecode.cpp.cpp; name = test_utils.cpp; path = /Users/parkiratsandhu/Documents/programming_projects/cactus/cactus/tests/test_utils.cpp; sourceTree = "<absolute>"; };
		35E791CDD8BA48ED65F41D72 /* test_gemma4_audio.cpp */ = {isa = PBXFileReference; includeInIndex = 1; lastKnownFileType = sourcecode.cpp.cpp; name = test_gemma4_audio.cpp; path = /Users/parkiratsandhu/Documents/programming_projects/cactus/cactus/tests/test_gemma4_audio.cpp; sourceTree = "<absolute>"; };
		36DEA043863AF7F99EE0DBD6 /* test_gemma4_thinking.cpp */ = {isa = PBXFileReference; includeInIndex = 1; lastKnownFileType = sourcecode.cpp.cpp; name = test_gemma4_thinking.cpp; path = /Users/parkiratsandhu/Documents/programming_projects/cactus/cactus/tests/test_gemma4_thinking.cpp; sourceTree = "<absolute>"; };
		6792059E996574F9932267B6 /* test_embed.cpp */ = {isa = PBXFileReference; includeInIndex = 1; lastKnownFileType = sourcecode.cpp.cpp; name = test_embed.cpp; path = /Users/parkiratsandhu/Documents/programming_projects/cactus/cactus/tests/test_embed.cpp; sourceTree = "<absolute>"; };
		68746E7164704D873563D27B /* test_performance.cpp */ = {isa = PBXFileReference; includeInIndex = 1; lastKnownFileType = sourcecode.cpp.cpp; name = test_performance.cpp; path = /Users/parkiratsandhu/Documents/programming_projects/cactus/cactus/tests/test_performance.cpp; sourceTree = "<absolute>"; };
		68B50E60C97A4675E06FA03D /* test_gemma4_vision.cpp */ = {isa = PBXFileReference; includeInIndex = 1; lastKnownFileType = sourcecode.cpp.cpp; name = test_gemma4_vision.cpp; path = /Users/parkiratsandhu/Documents/programming_projects/cactus/cactus/tests/test_gemma4_vision.cpp; sourceTree = "<absolute>"; };
		756477DDFCDD7FDAFE86BBB8 /* test_audio_chat_pcm.cpp */ = {isa = PBXFileReference; includeInIndex = 1; lastKnownFileType = sourcecode.cpp.cpp; name = test_audio_chat_pcm.cpp; path = /Users/parkiratsandhu/Documents/programming_projects/cactus/cactus/tests/test_audio_chat_pcm.cpp; sourceTree = "<absolute>"; };
		7F29F0F824D84E357FD6780B /* test_kernel.cpp */ = {isa = PBXFileReference; includeInIndex = 1; lastKnownFileType = sourcecode.cpp.cpp; name = test_kernel.cpp; path = /Users/parkiratsandhu/Documents/programming_projects/cactus/cactus/tests/test_kernel.cpp; sourceTree = "<absolute>"; };
		841D05B43AF13CCB9FC6156A /* test_gemma4_audio_layers.cpp */ = {isa = PBXFileReference; includeInIndex = 1; lastKnownFileType = sourcecode.cpp.cpp; name = test_gemma4_audio_layers.cpp; path = /Users/parkiratsandhu/Documents/programming_projects/cactus/cactus/tests/test_gemma4_audio_layers.cpp; sourceTree = "<absolute>"; };
		934A65226FA379ED9D8E8706 /* test_vlm.cpp */ = {isa = PBXFileReference; includeInIndex = 1; lastKnownFileType = sourcecode.cpp.cpp; name = test_vlm.cpp; path = /Users/parkiratsandhu/Documents/programming_projects/cactus/cactus/tests/test_vlm.cpp; sourceTree = "<absolute>"; };
		A24768DA8A7AA0FB613B0E47 /* test_gemma4_suite.cpp */ = {isa = PBXFileReference; includeInIndex = 1; lastKnownFileType = sourcecode.cpp.cpp; name = test_gemma4_suite.cpp; path = /Users/parkiratsandhu/Documents/programming_projects/cactus/cactus/tests/test_gemma4_suite.cpp; sourceTree = "<absolute>"; };
		A43ACF25D2BEECF06382F746 /* test_telemetry.cpp */ = {isa = PBXFileReference; includeInIndex = 1; lastKnownFileType = sourcecode.cpp.cpp; name = test_telemetry.cpp; path = /Users/parkiratsandhu/Documents/programming_projects/cactus/cactus/tests/test_telemetry.cpp; sourceTree = "<absolute>"; };
		BAF5F34E04D4261AAECEA8A1 /* test_index.cpp */ = {isa = PBXFileReference; includeInIndex = 1; lastKnownFileType = sourcecode.cpp.cpp; name = test_index.cpp; path = /Users/parkiratsandhu/Documents/programming_projects/cactus/cactus/tests/test_index.cpp; sourceTree = "<absolute>"; };
		CC335EA1CA171C8BBE20E50F /* test_exhaustive.cpp */ = {isa = PBXFileReference; includeInIndex = 1; lastKnownFileType = sourcecode.cpp.cpp; name = test_exhaustive.cpp; path = /Users/parkiratsandhu/Documents/programming_projects/cactus/cactus/tests/test_exhaustive.cpp; sourceTree = "<absolute>"; };
		EEE3AAC3B98C5A4D7934390B /* test_kv_cache.cpp */ = {isa = PBXFileReference; includeInIndex = 1; lastKnownFileType = sourcecode.cpp.cpp; name = test_kv_cache.cpp; path = /Users/parkiratsandhu/Documents/programming_projects/cactus/cactus/tests/test_kv_cache.cpp; sourceTree = "<absolute>"; };
		F2321D2FF06C53F142C9E4A0 /* test_rag.cpp */ = {isa = PBXFileReference; includeInIndex = 1; lastKnownFileType = sourcecode.cpp.cpp; name = test_rag.cpp; path = /Users/parkiratsandhu/Documents/programming_projects/cactus/cactus/tests/test_rag.cpp; sourceTree = "<absolute>"; };
		F993F80BF90226984FE5FA46 /* test_curl.cpp */ = {isa = PBXFileReference; includeInIndex = 1; lastKnownFileType = sourcecode.cpp.cpp; name = test_curl.cpp; path = /Users/parkiratsandhu/Documents/programming_projects/cactus/cactus/tests/test_curl.cpp; sourceTree = "<absolute>"; };
/* End PBXFileReference section */

/* Begin PBXFileSystemSynchronizedBuildFileExceptionSet section */
		2AA889E12EE510D60037A29D /* Exceptions for "CactusTest" folder in "CactusTest" target */ = {
			isa = PBXFileSystemSynchronizedBuildFileExceptionSet;
			membershipExceptions = (
				Info.plist,
			);
			target = 2AA889C92EE510D50037A29D /* CactusTest */;
		};
/* End PBXFileSystemSynchronizedBuildFileExceptionSet section */

/* Begin PBXFileSystemSynchronizedRootGroup section */
		2AA889CC2EE510D50037A29D /* CactusTest */ = {
			isa = PBXFileSystemSynchronizedRootGroup;
			exceptions = (
				2AA889E12EE510D60037A29D /* Exceptions for "CactusTest" folder in "CactusTest" target */,
			);
			path = CactusTest;
			sourceTree = "<group>";
		};
/* End PBXFileSystemSynchronizedRootGroup section */

/* Begin PBXFrameworksBuildPhase section */
		2AA889C72EE510D50037A29D /* Frameworks */ = {
			isa = PBXFrameworksBuildPhase;
			buildActionMask = 2147483647;
			files = (
			);
			runOnlyForDeploymentPostprocessing = 0;
		};
/* End PBXFrameworksBuildPhase section */

/* Begin PBXGroup section */
		2AA889C12EE510D50037A29D = {
			isa = PBXGroup;
			children = (
				2AA889CC2EE510D50037A29D /* CactusTest */,
				2AA889CB2EE510D50037A29D /* Products */,
				5E90E676965D10AF854DF5E1 /* Tests */,
			);
			sourceTree = "<group>";
		};
		2AA889CB2EE510D50037A29D /* Products */ = {
			isa = PBXGroup;
			children = (
				2AA889CA2EE510D50037A29D /* CactusTest.app */,
			);
			name = Products;
			sourceTree = "<group>";
		};
		5E90E676965D10AF854DF5E1 /* Tests */ = {
			isa = PBXGroup;
			children = (
				756477DDFCDD7FDAFE86BBB8 /* test_audio_chat_pcm.cpp */,
				1F972A3BCEA50EA0944B93F1 /* test_audio_cosine.cpp */,
				F993F80BF90226984FE5FA46 /* test_curl.cpp */,
				6792059E996574F9932267B6 /* test_embed.cpp */,
				CC335EA1CA171C8BBE20E50F /* test_exhaustive.cpp */,
				35E791CDD8BA48ED65F41D72 /* test_gemma4_audio.cpp */,
				841D05B43AF13CCB9FC6156A /* test_gemma4_audio_layers.cpp */,
				A24768DA8A7AA0FB613B0E47 /* test_gemma4_suite.cpp */,
				36DEA043863AF7F99EE0DBD6 /* test_gemma4_thinking.cpp */,
				68B50E60C97A4675E06FA03D /* test_gemma4_vision.cpp */,
				2D0B741B8364E6DEB7880ECC /* test_graph.cpp */,
				BAF5F34E04D4261AAECEA8A1 /* test_index.cpp */,
				7F29F0F824D84E357FD6780B /* test_kernel.cpp */,
				EEE3AAC3B98C5A4D7934390B /* test_kv_cache.cpp */,
				23BA649FAF464F37FCCC6B94 /* test_llm.cpp */,
				257E9B342ABCA116053E18C2 /* test_model_loading.cpp */,
				68746E7164704D873563D27B /* test_performance.cpp */,
				F2321D2FF06C53F142C9E4A0 /* test_rag.cpp */,
				2AD904FE8AF16AC361E3FB86 /* test_stt.cpp */,
				A43ACF25D2BEECF06382F746 /* test_telemetry.cpp */,
				934A65226FA379ED9D8E8706 /* test_vlm.cpp */,
				344D0D09F78DD280BE1E102E /* test_utils.cpp */,
				1695BEEDC52BAA73FD8D27F1 /* test_utils.h */,
			);
			name = Tests;
			path = ../..;
			sourceTree = "<absolute>";
		};
/* End PBXGroup section */

/* Begin PBXNativeTarget section */
		2AA889C92EE510D50037A29D /* CactusTest */ = {
			isa = PBXNativeTarget;
			buildConfigurationList = 2AA889E22EE510D60037A29D /* Build configuration list for PBXNativeTarget "CactusTest" */;
			buildPhases = (
				2AA889C62EE510D50037A29D /* Sources */,
				2AA889C72EE510D50037A29D /* Frameworks */,
				2AA889C82EE510D50037A29D /* Resources */,
			);
			buildRules = (
			);
			dependencies = (
			);
			fileSystemSynchronizedGroups = (
				2AA889CC2EE510D50037A29D /* CactusTest */,
			);
			name = CactusTest;
			productName = CactusTest;
			productReference = 2AA889CA2EE510D50037A29D /* CactusTest.app */;
			productType = "com.apple.product-type.application";
		};
/* End PBXNativeTarget section */

/* Begin PBXProject section */
		2AA889C22EE510D50037A29D /* Project object */ = {
			isa = PBXProject;
			attributes = {
				BuildIndependentTargetsInParallel = 1;
				LastUpgradeCheck = 2600;
				TargetAttributes = {
					2AA889C92EE510D50037A29D = {
						CreatedOnToolsVersion = 26.0.1;
					};
				};
			};
			buildConfigurationList = 2AA889C52EE510D50037A29D /* Build configuration list for PBXProject "CactusTest" */;
			developmentRegion = en;
			hasScannedForEncodings = 0;
			knownRegions = (
				en,
				Base,
			);
			mainGroup = 2AA889C12EE510D50037A29D;
			minimizedProjectReferenceProxies = 1;
			preferredProjectObjectVersion = 77;
			productRefGroup = 2AA889CB2EE510D50037A29D /* Products */;
			projectDirPath = "";
			projectRoot = "";
			targets = (
				2AA889C92EE510D50037A29D /* CactusTest */,
			);
		};
/* End PBXProject section */

/* Begin PBXResourcesBuildPhase section */
		2AA889C82EE510D50037A29D /* Resources */ = {
			isa = PBXResourcesBuildPhase;
			buildActionMask = 2147483647;
			files = (
			);
			runOnlyForDeploymentPostprocessing = 0;
		};
/* End PBXResourcesBuildPhase section */

/* Begin PBXSourcesBuildPhase section */
		2AA889C62EE510D50037A29D /* Sources */ = {
			isa = PBXSourcesBuildPhase;
			buildActionMask = 2147483647;
			files = (
				64A62BB21BE64C469F1A1910 /* test_audio_chat_pcm.cpp in Sources */,
				1AA51A651CB30DFBB7A91B32 /* test_audio_cosine.cpp in Sources */,
				12CC126B7285C7E7B260F354 /* test_curl.cpp in Sources */,
				1B84962019170487AAE57354 /* test_embed.cpp in Sources */,
				FD46DB3D01A60AF2DED26E5A /* test_exhaustive.cpp in Sources */,
				D8DB20D73F9153B5AFD710AD /* test_gemma4_audio.cpp in Sources */,
				EE0A6D1035305A79B11CA900 /* test_gemma4_audio_layers.cpp in Sources */,
				44DADDEB1F5068DF48AF51A9 /* test_gemma4_suite.cpp in Sources */,
				406CB7FEF241AED3E35F3E5F /* test_gemma4_thinking.cpp in Sources */,
				E0F525364DF8BB570ABCD421 /* test_gemma4_vision.cpp in Sources */,
				5CCAE950625131F3B367E23D /* test_graph.cpp in Sources */,
				BABC16B78AE1B36F177463BD /* test_index.cpp in Sources */,
				703EA361EBF4536C94115D6D /* test_kernel.cpp in Sources */,
				159396ABC5D7C56EBD60787C /* test_kv_cache.cpp in Sources */,
				72965BE8BCFDA801E76EEB31 /* test_llm.cpp in Sources */,
				DFEA8971CFB31E6A890B956F /* test_model_loading.cpp in Sources */,
				CD0618CF2D40DEF51EFE9570 /* test_performance.cpp in Sources */,
				0CE3609610F41EE57C3EF450 /* test_rag.cpp in Sources */,
				70E04EF839DE4444310D4651 /* test_stt.cpp in Sources */,
				1297BDC23284CC2F68DC3F0D /* test_telemetry.cpp in Sources */,
				B2B5CECE2E2477A23192ACCF /* test_vlm.cpp in Sources */,
				B74B4DBFE7341E92AC8F01E9 /* test_utils.cpp in Sources */,
			);
			runOnlyForDeploymentPostprocessing = 0;
		};
/* End PBXSourcesBuildPhase section */

/* Begin XCBuildConfiguration section */
		2AA889E32EE510D60037A29D /* Debug */ = {
			isa = XCBuildConfiguration;
			buildSettings = {
				ASSETCATALOG_COMPILER_APPICON_NAME = AppIcon;
				ASSETCATALOG_COMPILER_GLOBAL_ACCENT_COLOR_NAME = AccentColor;
				CLANG_CXX_LANGUAGE_STANDARD = "c++20";
				CLANG_CXX_LIBRARY = "libc++";
				CODE_SIGN_STYLE = Automatic;
				CURRENT_PROJECT_VERSION = 1;
				DEVELOPMENT_TEAM = K3DTVW668Q;
				GENERATE_INFOPLIST_FILE = YES;
				HEADER_SEARCH_PATHS = (
					"$(inherited)",
					/Users/parkiratsandhu/Documents/programming_projects/cactus/cactus/tests,
					/Users/parkiratsandhu/Documents/programming_projects/cactus/cactus/cactus,
					/Users/parkiratsandhu/Documents/programming_projects/cactus/cactus/libs/curl/include,
				);
				INFOPLIST_FILE = CactusTest/Info.plist;
				INFOPLIST_KEY_UIApplicationSupportsIndirectInputEvents = YES;
				INFOPLIST_KEY_UISupportedInterfaceOrientations_iPad = "UIInterfaceOrientationPortrait UIInterfaceOrientationPortraitUpsideDown UIInterfaceOrientationLandscapeLeft UIInterfaceOrientationLandscapeRight";
				INFOPLIST_KEY_UISupportedInterfaceOrientations_iPhone = "UIInterfaceOrientationPortrait UIInterfaceOrientationLandscapeLeft UIInterfaceOrientationLandscapeRight";
				IPHONEOS_DEPLOYMENT_TARGET = 13.0;
				LD_RUNPATH_SEARCH_PATHS = (
					"$(inherited)",
					"@executable_path/Frameworks",
				);
				MARKETING_VERSION = 1.0;
				OTHER_CPLUSPLUSFLAGS = (
					"$(inherited)",
					"-pthread",
					"-Wall",
					"-Wextra",
					"-pedantic",
					"-O3",
				);
				OTHER_LDFLAGS = (
					"$(inherited)",
					"/Users/parkiratsandhu/Documents/programming_projects/cactus/cactus/apple/libcactus-device.a",
					"-framework CoreML",
					"-framework Foundation",
					"-framework Accelerate",
					"-framework Security",
					"-framework SystemConfiguration",
					"-framework CFNetwork",
					/Users/parkiratsandhu/Documents/programming_projects/cactus/cactus/libs/curl/ios/device/libcurl.a,
				);
				PRODUCT_BUNDLE_IDENTIFIER = com.cactus.test.parkiratsandhu;
				PRODUCT_NAME = "$(TARGET_NAME)";
				STRING_CATALOG_GENERATE_SYMBOLS = YES;
				SWIFT_EMIT_LOC_STRINGS = YES;
				TARGETED_DEVICE_FAMILY = "1,2";
			};
			name = Debug;
		};
		2AA889E42EE510D60037A29D /* Release */ = {
			isa = XCBuildConfiguration;
			buildSettings = {
				ASSETCATALOG_COMPILER_APPICON_NAME = AppIcon;
				ASSETCATALOG_COMPILER_GLOBAL_ACCENT_COLOR_NAME = AccentColor;
				CLANG_CXX_LANGUAGE_STANDARD = "c++20";
				CLANG_CXX_LIBRARY = "libc++";
				CODE_SIGN_STYLE = Automatic;
				CURRENT_PROJECT_VERSION = 1;
				DEVELOPMENT_TEAM = K3DTVW668Q;
				GENERATE_INFOPLIST_FILE = YES;
				HEADER_SEARCH_PATHS = (
					"$(inherited)",
					/Users/parkiratsandhu/Documents/programming_projects/cactus/cactus/tests,
					/Users/parkiratsandhu/Documents/programming_projects/cactus/cactus/cactus,
					/Users/parkiratsandhu/Documents/programming_projects/cactus/cactus/libs/curl/include,
				);
				INFOPLIST_FILE = CactusTest/Info.plist;
				INFOPLIST_KEY_UIApplicationSupportsIndirectInputEvents = YES;
				INFOPLIST_KEY_UISupportedInterfaceOrientations_iPad = "UIInterfaceOrientationPortrait UIInterfaceOrientationPortraitUpsideDown UIInterfaceOrientationLandscapeLeft UIInterfaceOrientationLandscapeRight";
				INFOPLIST_KEY_UISupportedInterfaceOrientations_iPhone = "UIInterfaceOrientationPortrait UIInterfaceOrientationLandscapeLeft UIInterfaceOrientationLandscapeRight";
				IPHONEOS_DEPLOYMENT_TARGET = 13.0;
				LD_RUNPATH_SEARCH_PATHS = (
					"$(inherited)",
					"@executable_path/Frameworks",
				);
				MARKETING_VERSION = 1.0;
				OTHER_CPLUSPLUSFLAGS = (
					"$(inherited)",
					"-pthread",
					"-Wall",
					"-Wextra",
					"-pedantic",
					"-O3",
				);
				OTHER_LDFLAGS = (
					"$(inherited)",
					"/Users/parkiratsandhu/Documents/programming_projects/cactus/cactus/apple/libcactus-device.a",
					"-framework CoreML",
					"-framework Foundation",
					"-framework Accelerate",
					"-framework Security",
					"-framework SystemConfiguration",
					"-framework CFNetwork",
					/Users/parkiratsandhu/Documents/programming_projects/cactus/cactus/libs/curl/ios/device/libcurl.a,
				);
				PRODUCT_BUNDLE_IDENTIFIER = com.cactus.test.parkiratsandhu;
				PRODUCT_NAME = "$(TARGET_NAME)";
				STRING_CATALOG_GENERATE_SYMBOLS = YES;
				SWIFT_EMIT_LOC_STRINGS = YES;
				TARGETED_DEVICE_FAMILY = "1,2";
			};
			name = Release;
		};
		2AA889E52EE510D60037A29D /* Debug */ = {
			isa = XCBuildConfiguration;
			buildSettings = {
				ALWAYS_SEARCH_USER_PATHS = NO;
				ASSETCATALOG_COMPILER_GENERATE_SWIFT_ASSET_SYMBOL_EXTENSIONS = YES;
				CLANG_ANALYZER_NONNULL = YES;
				CLANG_ANALYZER_NUMBER_OBJECT_CONVERSION = YES_AGGRESSIVE;
				CLANG_CXX_LANGUAGE_STANDARD = "gnu++20";
				CLANG_ENABLE_MODULES = YES;
				CLANG_ENABLE_OBJC_ARC = YES;
				CLANG_ENABLE_OBJC_WEAK = YES;
				CLANG_WARN_BLOCK_CAPTURE_AUTORELEASING = YES;
				CLANG_WARN_BOOL_CONVERSION = YES;
				CLANG_WARN_COMMA = YES;
				CLANG_WARN_CONSTANT_CONVERSION = YES;
				CLANG_WARN_DEPRECATED_OBJC_IMPLEMENTATIONS = YES;
				CLANG_WARN_DIRECT_OBJC_ISA_USAGE = YES_ERROR;
				CLANG_WARN_DOCUMENTATION_COMMENTS = YES;
				CLANG_WARN_EMPTY_BODY = YES;
				CLANG_WARN_ENUM_CONVERSION = YES;
				CLANG_WARN_INFINITE_RECURSION = YES;
				CLANG_WARN_INT_CONVERSION = YES;
				CLANG_WARN_NON_LITERAL_NULL_CONVERSION = YES;
				CLANG_WARN_OBJC_IMPLICIT_RETAIN_SELF = YES;
				CLANG_WARN_OBJC_LITERAL_CONVERSION = YES;
				CLANG_WARN_OBJC_ROOT_CLASS = YES_ERROR;
				CLANG_WARN_QUOTED_INCLUDE_IN_FRAMEWORK_HEADER = YES;
				CLANG_WARN_RANGE_LOOP_ANALYSIS = YES;
				CLANG_WARN_STRICT_PROTOTYPES = YES;
				CLANG_WARN_SUSPICIOUS_MOVE = YES;
				CLANG_WARN_UNGUARDED_AVAILABILITY = YES_AGGRESSIVE;
				CLANG_WARN_UNREACHABLE_CODE = YES;
				CLANG_WARN__DUPLICATE_METHOD_MATCH = YES;
				COPY_PHASE_STRIP = NO;
				DEBUG_INFORMATION_FORMAT = dwarf;
				ENABLE_STRICT_OBJC_MSGSEND = YES;
				ENABLE_TESTABILITY = YES;
				ENABLE_USER_SCRIPT_SANDBOXING = YES;
				GCC_C_LANGUAGE_STANDARD = gnu17;
				GCC_DYNAMIC_NO_PIC = NO;
				GCC_NO_COMMON_BLOCKS = YES;
				GCC_OPTIMIZATION_LEVEL = 0;
				GCC_PREPROCESSOR_DEFINITIONS = (
					"DEBUG=1",
					"$(inherited)",
				);
				GCC_WARN_64_TO_32_BIT_CONVERSION = YES;
				GCC_WARN_ABOUT_RETURN_TYPE = YES_ERROR;
				GCC_WARN_UNDECLARED_SELECTOR = YES;
				GCC_WARN_UNINITIALIZED_AUTOS = YES_AGGRESSIVE;
				GCC_WARN_UNUSED_FUNCTION = YES;
				GCC_WARN_UNUSED_VARIABLE = YES;
				IPHONEOS_DEPLOYMENT_TARGET = 26.0;
				LOCALIZATION_PREFERS_STRING_CATALOGS = YES;
				MTL_ENABLE_DEBUG_INFO = INCLUDE_SOURCE;
				MTL_FAST_MATH = YES;
				ONLY_ACTIVE_ARCH = YES;
				SDKROOT = iphoneos;
			};
			name = Debug;
		};
		2AA889E62EE510D60037A29D /* Release */ = {
			isa = XCBuildConfiguration;
			buildSettings = {
				ALWAYS_SEARCH_USER_PATHS = NO;
				ASSETCATALOG_COMPILER_GENERATE_SWIFT_ASSET_SYMBOL_EXTENSIONS = YES;
				CLANG_ANALYZER_NONNULL = YES;
				CLANG_ANALYZER_NUMBER_OBJECT_CONVERSION = YES_AGGRESSIVE;
				CLANG_CXX_LANGUAGE_STANDARD = "gnu++20";
				CLANG_ENABLE_MODULES = YES;
				CLANG_ENABLE_OBJC_ARC = YES;
				CLANG_ENABLE_OBJC_WEAK = YES;
				CLANG_WARN_BLOCK_CAPTURE_AUTORELEASING = YES;
				CLANG_WARN_BOOL_CONVERSION = YES;
				CLANG_WARN_COMMA = YES;
				CLANG_WARN_CONSTANT_CONVERSION = YES;
				CLANG_WARN_DEPRECATED_OBJC_IMPLEMENTATIONS = YES;
				CLANG_WARN_DIRECT_OBJC_ISA_USAGE = YES_ERROR;
				CLANG_WARN_DOCUMENTATION_COMMENTS = YES;
				CLANG_WARN_EMPTY_BODY = YES;
				CLANG_WARN_ENUM_CONVERSION = YES;
				CLANG_WARN_INFINITE_RECURSION = YES;
				CLANG_WARN_INT_CONVERSION = YES;
				CLANG_WARN_NON_LITERAL_NULL_CONVERSION = YES;
				CLANG_WARN_OBJC_IMPLICIT_RETAIN_SELF = YES;
				CLANG_WARN_OBJC_LITERAL_CONVERSION = YES;
				CLANG_WARN_OBJC_ROOT_CLASS = YES_ERROR;
				CLANG_WARN_QUOTED_INCLUDE_IN_FRAMEWORK_HEADER = YES;
				CLANG_WARN_RANGE_LOOP_ANALYSIS = YES;
				CLANG_WARN_STRICT_PROTOTYPES = YES;
				CLANG_WARN_SUSPICIOUS_MOVE = YES;
				CLANG_WARN_UNGUARDED_AVAILABILITY = YES_AGGRESSIVE;
				CLANG_WARN_UNREACHABLE_CODE = YES;
				CLANG_WARN__DUPLICATE_METHOD_MATCH = YES;
				COPY_PHASE_STRIP = NO;
				DEBUG_INFORMATION_FORMAT = "dwarf-with-dsym";
				ENABLE_NS_ASSERTIONS = NO;
				ENABLE_STRICT_OBJC_MSGSEND = YES;
				ENABLE_USER_SCRIPT_SANDBOXING = YES;
				GCC_C_LANGUAGE_STANDARD = gnu17;
				GCC_NO_COMMON_BLOCKS = YES;
				GCC_WARN_64_TO_32_BIT_CONVERSION = YES;
				GCC_WARN_ABOUT_RETURN_TYPE = YES_ERROR;
				GCC_WARN_UNDECLARED_SELECTOR = YES;
				GCC_WARN_UNINITIALIZED_AUTOS = YES_AGGRESSIVE;
				GCC_WARN_UNUSED_FUNCTION = YES;
				GCC_WARN_UNUSED_VARIABLE = YES;
				IPHONEOS_DEPLOYMENT_TARGET = 26.0;
				LOCALIZATION_PREFERS_STRING_CATALOGS = YES;
				MTL_ENABLE_DEBUG_INFO = NO;
				MTL_FAST_MATH = YES;
				SDKROOT = iphoneos;
				VALIDATE_PRODUCT = YES;
			};
			name = Release;
		};
/* End XCBuildConfiguration section */

/* Begin XCConfigurationList section */
		2AA889C52EE510D50037A29D /* Build configuration list for PBXProject "CactusTest" */ = {
			isa = XCConfigurationList;
			buildConfigurations = (
				2AA889E52EE510D60037A29D /* Debug */,
				2AA889E62EE510D60037A29D /* Release */,
			);
			defaultConfigurationIsVisible = 0;
			defaultConfigurationName = Release;
		};
		2AA889E22EE510D60037A29D /* Build configuration list for PBXNativeTarget "CactusTest" */ = {
			isa = XCConfigurationList;
			buildConfigurations = (
				2AA889E32EE510D60037A29D /* Debug */,
				2AA889E42EE510D60037A29D /* Release */,
			);
			defaultConfigurationIsVisible = 0;
			defaultConfigurationName = Release;
		};
/* End XCConfigurationList section */
	};
	rootObject = 2AA889C22EE510D50037A29D /* Project object */;
}
